PODS:
  - Crashlytics (3.14.0):
    - Fabric (~> 1.10.2)
  - Fabric (1.10.2)
  - Intercom (9.3.6)

DEPENDENCIES:
  - Crashlytics (= 3.14.0)
  - Fabric (= 1.10.2)
  - Intercom (= 9.3.6)

SPEC REPOS:
  https://github.com/CocoaPods/Specs.git:
    - Crashlytics
    - Fabric
    - Intercom

SPEC CHECKSUMS:
  Crashlytics: 9220f5bc89e7a618df411b4f639389dbfb0e03d2
  Fabric: ea977e3cd9c20425516d3dafd3bf8c941c51223f
  Intercom: d44bd4264f61a3e343cac46d7b88d4db0f860077

PODFILE CHECKSUM: 2afc915aa732493d9aa31a315dd18f6fcb823d73

COCOAPODS: 1.10.1
